
Microsoft Visual Studio Solution File, Format Version 12.00
# Visual Studio Version 17
VisualStudioVersion = 17.5.002.0
MinimumVisualStudioVersion = 10.0.40219.1
Project("{9A19103F-16F7-4668-BE54-9A1E7A4F7556}") = "Database", "Database\Database.csproj", "{D51BE92E-503E-4A5D-9BBC-FD391EE2B1E9}"
EndProject
Global
	GlobalSection(SolutionConfigurationPlatforms) = preSolution
		Debug|Any CPU = Debug|Any CPU
		Release|Any CPU = Release|Any CPU
	EndGlobalSection
	GlobalSection(ProjectConfigurationPlatforms) = postSolution
		{D51BE92E-503E-4A5D-9BBC-FD391EE2B1E9}.Debug|Any CPU.ActiveCfg = Debug|Any CPU
		{D51BE92E-503E-4A5D-9BBC-FD391EE2B1E9}.Debug|Any CPU.Build.0 = Debug|Any CPU
		{D51BE92E-503E-4A5D-9BBC-FD391EE2B1E9}.Release|Any CPU.ActiveCfg = Release|Any CPU
		{D51BE92E-503E-4A5D-9BBC-FD391EE2B1E9}.Release|Any CPU.Build.0 = Release|Any CPU
	EndGlobalSection
	GlobalSection(SolutionProperties) = preSolution
		HideSolutionNode = FALSE
	EndGlobalSection
	GlobalSection(ExtensibilityGlobals) = postSolution
		SolutionGuid = {996C2206-0CE7-4866-9A2E-A3D5935E84DA}
	EndGlobalSection
EndGlobal
